
Microsoft Visual Studio Solution File, Format Version 12.00
# Visual Studio Version 16
VisualStudioVersion = 16.0.33927.289
MinimumVisualStudioVersion = 10.0.40219.1
Project("{FAE04EC0-301F-11D3-BF4B-00C04F79EFBC}") = "WebDemo", "WebDemo.csproj", "{3D11E9AB-9DDD-4152-9C82-B363B0FFB6D0}"
EndProject
Global
	GlobalSection(SolutionConfigurationPlatforms) = preSolution
		Debug|Any CPU = Debug|Any CPU
		Release|Any CPU = Release|Any CPU
	EndGlobalSection
	GlobalSection(ProjectConfigurationPlatforms) = postSolution
		{3D11E9AB-9DDD-4152-9C82-B363B0FFB6D0}.Debug|Any CPU.ActiveCfg = Debug|Any CPU
		{3D11E9AB-9DDD-4152-9C82-B363B0FFB6D0}.Debug|Any CPU.Build.0 = Debug|Any CPU
		{3D11E9AB-9DDD-4152-9C82-B363B0FFB6D0}.Release|Any CPU.ActiveCfg = Release|Any CPU
		{3D11E9AB-9DDD-4152-9C82-B363B0FFB6D0}.Release|Any CPU.Build.0 = Release|Any CPU
	EndGlobalSection
	GlobalSection(SolutionProperties) = preSolution
		HideSolutionNode = FALSE
	EndGlobalSection
	GlobalSection(ExtensibilityGlobals) = postSolution
		SolutionGuid = {54064A7A-6CA9-4CC6-806C-0C684C24FC53}
	EndGlobalSection
EndGlobal
